
Microsoft Visual Studio Solution File, Format Version 12.00
# Visual Studio 15
VisualStudioVersion = 15.0.28307.136
MinimumVisualStudioVersion = 10.0.40219.1
Project("{FAE04EC0-301F-11D3-BF4B-00C04F79EFBC}") = "3D Reconstruction from UAV", "3D Reconstruction from UAV\3D Reconstruction from UAV.csproj", "{FD4856FD-5488-4928-9F79-08B6659C4097}"
EndProject
Global
	GlobalSection(SolutionConfigurationPlatforms) = preSolution
		Debug|Any CPU = Debug|Any CPU
		Release|Any CPU = Release|Any CPU
	EndGlobalSection
	GlobalSection(ProjectConfigurationPlatforms) = postSolution
		{FD4856FD-5488-4928-9F79-08B6659C4097}.Debug|Any CPU.ActiveCfg = Debug|Any CPU
		{FD4856FD-5488-4928-9F79-08B6659C4097}.Debug|Any CPU.Build.0 = Debug|Any CPU
		{FD4856FD-5488-4928-9F79-08B6659C4097}.Release|Any CPU.ActiveCfg = Release|Any CPU
		{FD4856FD-5488-4928-9F79-08B6659C4097}.Release|Any CPU.Build.0 = Release|Any CPU
	EndGlobalSection
	GlobalSection(SolutionProperties) = preSolution
		HideSolutionNode = FALSE
	EndGlobalSection
	GlobalSection(ExtensibilityGlobals) = postSolution
		SolutionGuid = {43C487BB-111B-43F9-8E78-B0866B2BC5DD}
	EndGlobalSection
EndGlobal
